
Microsoft Visual Studio Solution File, Format Version 12.00
# Visual Studio Version 16
VisualStudioVersion = 16.0.30907.101
MinimumVisualStudioVersion = 10.0.40219.1
Project("{9A19103F-16F7-4668-BE54-9A1E7A4F7556}") = "TelecomSTE.DE3.ResumeAnalyzer.Api", "TelecomSTE.DE3.ResumeAnalyzer.Api\TelecomSTE.DE3.ResumeAnalyzer.Api.csproj", "{D480F920-F8E7-465C-9F0D-4C8A26343D17}"
EndProject
Project("{9A19103F-16F7-4668-BE54-9A1E7A4F7556}") = "TelecomSTE.DE3.ResumeAnalyzer.Test", "TelecomSTE.DE3.ResumeAnalyzer.Test\TelecomSTE.DE3.ResumeAnalyzer.Test.csproj", "{C0F9241C-85CA-422A-976E-2EED30D5CF87}"
EndProject
Global
	GlobalSection(SolutionConfigurationPlatforms) = preSolution
		Debug|Any CPU = Debug|Any CPU
		Release|Any CPU = Release|Any CPU
	EndGlobalSection
	GlobalSection(ProjectConfigurationPlatforms) = postSolution
		{D480F920-F8E7-465C-9F0D-4C8A26343D17}.Debug|Any CPU.ActiveCfg = Debug|Any CPU
		{D480F920-F8E7-465C-9F0D-4C8A26343D17}.Debug|Any CPU.Build.0 = Debug|Any CPU
		{D480F920-F8E7-465C-9F0D-4C8A26343D17}.Release|Any CPU.ActiveCfg = Release|Any CPU
		{D480F920-F8E7-465C-9F0D-4C8A26343D17}.Release|Any CPU.Build.0 = Release|Any CPU
		{C0F9241C-85CA-422A-976E-2EED30D5CF87}.Debug|Any CPU.ActiveCfg = Debug|Any CPU
		{C0F9241C-85CA-422A-976E-2EED30D5CF87}.Debug|Any CPU.Build.0 = Debug|Any CPU
		{C0F9241C-85CA-422A-976E-2EED30D5CF87}.Release|Any CPU.ActiveCfg = Release|Any CPU
		{C0F9241C-85CA-422A-976E-2EED30D5CF87}.Release|Any CPU.Build.0 = Release|Any CPU
	EndGlobalSection
	GlobalSection(SolutionProperties) = preSolution
		HideSolutionNode = FALSE
	EndGlobalSection
	GlobalSection(ExtensibilityGlobals) = postSolution
		SolutionGuid = {F2CEFC02-643E-4D34-B8C5-7DBED37227F9}
	EndGlobalSection
EndGlobal
